
Microsoft Visual Studio Solution File, Format Version 12.00
# Visual Studio Version 16
VisualStudioVersion = 16.0.29020.237
MinimumVisualStudioVersion = 15.0.26124.0
Project("{2150E333-8FDC-42A3-9474-1A3956D46DE8}") = "src", "src", "{EA40BEEA-7A2B-4F87-9714-88766D8B3BCA}"
EndProject
Project("{9A19103F-16F7-4668-BE54-9A1E7A4F7556}") = "Barebone", "src\Barebone\Barebone.csproj", "{C4D312F6-323C-4725-A455-150134CFA0A6}"
EndProject
Project("{9A19103F-16F7-4668-BE54-9A1E7A4F7556}") = "Infrastructure", "src\Infrastructure\Infrastructure.csproj", "{94E7ACF2-5207-4E9C-BCF3-D6F9F3DFB031}"
EndProject
Project("{9A19103F-16F7-4668-BE54-9A1E7A4F7556}") = "Backend.WebApp", "src\Backend.WebApp\Backend.WebApp.csproj", "{F31EEE2C-5256-4C97-9B19-6C4934E2EB65}"
EndProject
Project("{9A19103F-16F7-4668-BE54-9A1E7A4F7556}") = "Data.Abstractions", "src\Data.Abstractions\Data.Abstractions.csproj", "{D65B21F5-2661-4A55-AE2B-E6379F18CD1C}"
EndProject
Project("{9A19103F-16F7-4668-BE54-9A1E7A4F7556}") = "Data.Entities", "src\Data.Entities\Data.Entities.csproj", "{6D76F4BA-60CB-4B28-86BB-946B70BCF405}"
EndProject
Project("{9A19103F-16F7-4668-BE54-9A1E7A4F7556}") = "Data.EntityFramework.Sqlite", "src\Data.EntityFramework.Sqlite\Data.EntityFramework.Sqlite.csproj", "{2E9C14ED-6CB7-43AA-A05A-5C655347232D}"
EndProject
Project("{9A19103F-16F7-4668-BE54-9A1E7A4F7556}") = "Data.EntityFramework.SqlServer", "src\Data.EntityFramework.SQLServer\Data.EntityFramework.SqlServer.csproj", "{FBAE55C6-7E46-4066-8219-E6D3EF010464}"
EndProject
Project("{9A19103F-16F7-4668-BE54-9A1E7A4F7556}") = "Employees", "src\Employees\Employees.csproj", "{FB9A01CE-ED4E-4DF6-A362-109F30073F0A}"
EndProject
Project("{9A19103F-16F7-4668-BE54-9A1E7A4F7556}") = "Employees.Data.Abstractions", "src\Employees.Data.Abstractions\Employees.Data.Abstractions.csproj", "{87B6C14F-A0AC-482C-8FD7-94ACBB672479}"
EndProject
Project("{2150E333-8FDC-42A3-9474-1A3956D46DE8}") = "Modules", "Modules", "{DD6DDFEF-F3CF-4455-9677-E98897D6041C}"
EndProject
Project("{2150E333-8FDC-42A3-9474-1A3956D46DE8}") = "Core", "Core", "{0EC7507D-E469-4F1D-B957-2A8F5BBD093A}"
EndProject
Project("{2150E333-8FDC-42A3-9474-1A3956D46DE8}") = "Ext.Employees", "Ext.Employees", "{ADEF2C5A-EA74-44B4-A009-E1F0D961AA87}"
EndProject
Project("{9A19103F-16F7-4668-BE54-9A1E7A4F7556}") = "Employees.Data.EntityFramework.SqlServer", "src\Employees.Data.EntityFramework.SqlServer\Employees.Data.EntityFramework.SqlServer.csproj", "{FD75ACA1-894C-4D98-862A-8FDBEAD4F6EA}"
EndProject
Project("{9A19103F-16F7-4668-BE54-9A1E7A4F7556}") = "Employees.Data.Entities", "src\Employees.Data.Entities\Employees.Data.Entities.csproj", "{9BD51762-FE1E-4B5C-A4E7-1DA023BDC942}"
EndProject
Project("{2150E333-8FDC-42A3-9474-1A3956D46DE8}") = "Ext.Reimbursement", "Ext.Reimbursement", "{44E262A3-AAAB-45CB-8F48-F9FBCAE2D66B}"
EndProject
Project("{9A19103F-16F7-4668-BE54-9A1E7A4F7556}") = "Identity.WebApp", "src\Identity.WebApp\Identity.WebApp.csproj", "{567C9BE5-964F-41E1-8215-B231D31214F7}"
EndProject
Project("{2150E333-8FDC-42A3-9474-1A3956D46DE8}") = "Ext.Leaves", "Ext.Leaves", "{6DEC70AC-47CC-4305-A01C-31699F55C396}"
EndProject
Project("{9A19103F-16F7-4668-BE54-9A1E7A4F7556}") = "Leaves.Data.Entities", "src\Leaves.Data.Entities\Leaves.Data.Entities.csproj", "{FC9E40C3-E1E3-4FE1-9020-543877A18B19}"
EndProject
Project("{9A19103F-16F7-4668-BE54-9A1E7A4F7556}") = "Leaves.Data.Abstraction", "src\Leaves.Data.Abstraction\Leaves.Data.Abstraction.csproj", "{E3D8FAB0-EB26-48B5-A055-1DAED288EA9F}"
EndProject
Project("{9A19103F-16F7-4668-BE54-9A1E7A4F7556}") = "Leaves.Data.EntityFramework.SqlServer", "src\Leaves.Data.EntityFramework\Leaves.Data.EntityFramework.SqlServer.csproj", "{7A31FBB7-6FC6-4831-AAAE-29A08E66CDDF}"
EndProject
Project("{9A19103F-16F7-4668-BE54-9A1E7A4F7556}") = "Leaves", "src\Leaves\Leaves.csproj", "{F84F9CB4-9E83-46E2-900F-14BB8BC50250}"
EndProject
Project("{2150E333-8FDC-42A3-9474-1A3956D46DE8}") = "Ext.Checkins", "Ext.Checkins", "{F695A7E4-6EE0-40AA-AC14-8BAF0379582E}"
EndProject
Project("{9A19103F-16F7-4668-BE54-9A1E7A4F7556}") = "Checkins.Data.Entities", "src\Checkins.Data.Entities\Checkins.Data.Entities.csproj", "{2CB963EB-D439-4073-9A77-23CB4EC5A02E}"
EndProject
Project("{9A19103F-16F7-4668-BE54-9A1E7A4F7556}") = "Checkins.Data.Abstractions", "src\Checkins.Data.Abstractions\Checkins.Data.Abstractions.csproj", "{5D6FDF31-A228-413A-9300-39769675D52C}"
EndProject
Project("{9A19103F-16F7-4668-BE54-9A1E7A4F7556}") = "Checkins.Data.EntityFramework.SqlServer", "src\Checkins.Data.EntityFramework.SqlServer\Checkins.Data.EntityFramework.SqlServer.csproj", "{20DFC4DB-1F2C-43CB-9328-044FC672170E}"
EndProject
Project("{9A19103F-16F7-4668-BE54-9A1E7A4F7556}") = "Checkins", "src\Checkins\Checkins.csproj", "{5DC38923-02EC-4827-A23F-02582AA5869D}"
EndProject
Project("{2150E333-8FDC-42A3-9474-1A3956D46DE8}") = "Ext.Timesheets", "Ext.Timesheets", "{B2E849F3-A947-4A0F-8CA1-507C785D838F}"
EndProject
Project("{9A19103F-16F7-4668-BE54-9A1E7A4F7556}") = "Timesheets.Data.EntityFramework.SqlServer", "src\Timesheets.Data.EntityFramework.SqlServer\Timesheets.Data.EntityFramework.SqlServer.csproj", "{E674B0BE-0839-4B7A-B9ED-44F37E6F466E}"
EndProject
Project("{9A19103F-16F7-4668-BE54-9A1E7A4F7556}") = "Timesheets.Data.Entities", "src\Timesheets.Data.Entities\Timesheets.Data.Entities.csproj", "{C8D20D72-AB1D-454A-97C6-BE102DF4A932}"
EndProject
Project("{9A19103F-16F7-4668-BE54-9A1E7A4F7556}") = "Timesheets.Data.Abstractions", "src\Timesheets.Data.Abstractions\Timesheets.Data.Abstractions.csproj", "{8817BF60-21BD-4686-B66A-43CEB99FD674}"
EndProject
Project("{9A19103F-16F7-4668-BE54-9A1E7A4F7556}") = "Timesheets", "src\Timesheets\Timesheets.csproj", "{6287AE3B-66B1-4C4E-87B3-12486CB37C1B}"
EndProject
Project("{9A19103F-16F7-4668-BE54-9A1E7A4F7556}") = "Reimburses.Data.Entities", "src\Reimburses.Data.Entities\Reimburses.Data.Entities.csproj", "{4C080E4B-E9B7-4A3F-9F2D-096BC0C24016}"
EndProject
Project("{9A19103F-16F7-4668-BE54-9A1E7A4F7556}") = "Reimburses.Data.Abstractions", "src\Reimburses.Data.Abstractions\Reimburses.Data.Abstractions.csproj", "{C882A516-06D7-4260-B409-0B16B920560E}"
EndProject
Project("{9A19103F-16F7-4668-BE54-9A1E7A4F7556}") = "Reimburses.Data.EntityFramework.SqlServer", "src\Reimburses.Data.EntityFramework.SqlServer\Reimburses.Data.EntityFramework.SqlServer.csproj", "{BB19F8B7-BF6C-4DEE-B303-3068ABF4C41E}"
EndProject
Project("{9A19103F-16F7-4668-BE54-9A1E7A4F7556}") = "Reimburses", "src\Reimburses\Reimburses.csproj", "{FF18FF18-4A98-4318-BD21-C42EBAB577FE}"
EndProject
Global
	GlobalSection(SolutionConfigurationPlatforms) = preSolution
		Debug|Any CPU = Debug|Any CPU
		Debug|x64 = Debug|x64
		Debug|x86 = Debug|x86
		Release|Any CPU = Release|Any CPU
		Release|x64 = Release|x64
		Release|x86 = Release|x86
	EndGlobalSection
	GlobalSection(ProjectConfigurationPlatforms) = postSolution
		{C4D312F6-323C-4725-A455-150134CFA0A6}.Debug|Any CPU.ActiveCfg = Debug|Any CPU
		{C4D312F6-323C-4725-A455-150134CFA0A6}.Debug|Any CPU.Build.0 = Debug|Any CPU
		{C4D312F6-323C-4725-A455-150134CFA0A6}.Debug|x64.ActiveCfg = Debug|Any CPU
		{C4D312F6-323C-4725-A455-150134CFA0A6}.Debug|x64.Build.0 = Debug|Any CPU
		{C4D312F6-323C-4725-A455-150134CFA0A6}.Debug|x86.ActiveCfg = Debug|Any CPU
		{C4D312F6-323C-4725-A455-150134CFA0A6}.Debug|x86.Build.0 = Debug|Any CPU
		{C4D312F6-323C-4725-A455-150134CFA0A6}.Release|Any CPU.ActiveCfg = Release|Any CPU
		{C4D312F6-323C-4725-A455-150134CFA0A6}.Release|Any CPU.Build.0 = Release|Any CPU
		{C4D312F6-323C-4725-A455-150134CFA0A6}.Release|x64.ActiveCfg = Release|Any CPU
		{C4D312F6-323C-4725-A455-150134CFA0A6}.Release|x64.Build.0 = Release|Any CPU
		{C4D312F6-323C-4725-A455-150134CFA0A6}.Release|x86.ActiveCfg = Release|Any CPU
		{C4D312F6-323C-4725-A455-150134CFA0A6}.Release|x86.Build.0 = Release|Any CPU
		{94E7ACF2-5207-4E9C-BCF3-D6F9F3DFB031}.Debug|Any CPU.ActiveCfg = Debug|Any CPU
		{94E7ACF2-5207-4E9C-BCF3-D6F9F3DFB031}.Debug|Any CPU.Build.0 = Debug|Any CPU
		{94E7ACF2-5207-4E9C-BCF3-D6F9F3DFB031}.Debug|x64.ActiveCfg = Debug|Any CPU
		{94E7ACF2-5207-4E9C-BCF3-D6F9F3DFB031}.Debug|x64.Build.0 = Debug|Any CPU
		{94E7ACF2-5207-4E9C-BCF3-D6F9F3DFB031}.Debug|x86.ActiveCfg = Debug|Any CPU
		{94E7ACF2-5207-4E9C-BCF3-D6F9F3DFB031}.Debug|x86.Build.0 = Debug|Any CPU
		{94E7ACF2-5207-4E9C-BCF3-D6F9F3DFB031}.Release|Any CPU.ActiveCfg = Release|Any CPU
		{94E7ACF2-5207-4E9C-BCF3-D6F9F3DFB031}.Release|Any CPU.Build.0 = Release|Any CPU
		{94E7ACF2-5207-4E9C-BCF3-D6F9F3DFB031}.Release|x64.ActiveCfg = Release|Any CPU
		{94E7ACF2-5207-4E9C-BCF3-D6F9F3DFB031}.Release|x64.Build.0 = Release|Any CPU
		{94E7ACF2-5207-4E9C-BCF3-D6F9F3DFB031}.Release|x86.ActiveCfg = Release|Any CPU
		{94E7ACF2-5207-4E9C-BCF3-D6F9F3DFB031}.Release|x86.Build.0 = Release|Any CPU
		{F31EEE2C-5256-4C97-9B19-6C4934E2EB65}.Debug|Any CPU.ActiveCfg = Debug|Any CPU
		{F31EEE2C-5256-4C97-9B19-6C4934E2EB65}.Debug|Any CPU.Build.0 = Debug|Any CPU
		{F31EEE2C-5256-4C97-9B19-6C4934E2EB65}.Debug|x64.ActiveCfg = Debug|Any CPU
		{F31EEE2C-5256-4C97-9B19-6C4934E2EB65}.Debug|x64.Build.0 = Debug|Any CPU
		{F31EEE2C-5256-4C97-9B19-6C4934E2EB65}.Debug|x86.ActiveCfg = Debug|Any CPU
		{F31EEE2C-5256-4C97-9B19-6C4934E2EB65}.Debug|x86.Build.0 = Debug|Any CPU
		{F31EEE2C-5256-4C97-9B19-6C4934E2EB65}.Release|Any CPU.ActiveCfg = Release|Any CPU
		{F31EEE2C-5256-4C97-9B19-6C4934E2EB65}.Release|Any CPU.Build.0 = Release|Any CPU
		{F31EEE2C-5256-4C97-9B19-6C4934E2EB65}.Release|x64.ActiveCfg = Release|Any CPU
		{F31EEE2C-5256-4C97-9B19-6C4934E2EB65}.Release|x64.Build.0 = Release|Any CPU
		{F31EEE2C-5256-4C97-9B19-6C4934E2EB65}.Release|x86.ActiveCfg = Release|Any CPU
		{F31EEE2C-5256-4C97-9B19-6C4934E2EB65}.Release|x86.Build.0 = Release|Any CPU
		{D65B21F5-2661-4A55-AE2B-E6379F18CD1C}.Debug|Any CPU.ActiveCfg = Debug|Any CPU
		{D65B21F5-2661-4A55-AE2B-E6379F18CD1C}.Debug|Any CPU.Build.0 = Debug|Any CPU
		{D65B21F5-2661-4A55-AE2B-E6379F18CD1C}.Debug|x64.ActiveCfg = Debug|Any CPU
		{D65B21F5-2661-4A55-AE2B-E6379F18CD1C}.Debug|x64.Build.0 = Debug|Any CPU
		{D65B21F5-2661-4A55-AE2B-E6379F18CD1C}.Debug|x86.ActiveCfg = Debug|Any CPU
		{D65B21F5-2661-4A55-AE2B-E6379F18CD1C}.Debug|x86.Build.0 = Debug|Any CPU
		{D65B21F5-2661-4A55-AE2B-E6379F18CD1C}.Release|Any CPU.ActiveCfg = Release|Any CPU
		{D65B21F5-2661-4A55-AE2B-E6379F18CD1C}.Release|Any CPU.Build.0 = Release|Any CPU
		{D65B21F5-2661-4A55-AE2B-E6379F18CD1C}.Release|x64.ActiveCfg = Release|Any CPU
		{D65B21F5-2661-4A55-AE2B-E6379F18CD1C}.Release|x64.Build.0 = Release|Any CPU
		{D65B21F5-2661-4A55-AE2B-E6379F18CD1C}.Release|x86.ActiveCfg = Release|Any CPU
		{D65B21F5-2661-4A55-AE2B-E6379F18CD1C}.Release|x86.Build.0 = Release|Any CPU
		{6D76F4BA-60CB-4B28-86BB-946B70BCF405}.Debug|Any CPU.ActiveCfg = Debug|Any CPU
		{6D76F4BA-60CB-4B28-86BB-946B70BCF405}.Debug|Any CPU.Build.0 = Debug|Any CPU
		{6D76F4BA-60CB-4B28-86BB-946B70BCF405}.Debug|x64.ActiveCfg = Debug|Any CPU
		{6D76F4BA-60CB-4B28-86BB-946B70BCF405}.Debug|x64.Build.0 = Debug|Any CPU
		{6D76F4BA-60CB-4B28-86BB-946B70BCF405}.Debug|x86.ActiveCfg = Debug|Any CPU
		{6D76F4BA-60CB-4B28-86BB-946B70BCF405}.Debug|x86.Build.0 = Debug|Any CPU
		{6D76F4BA-60CB-4B28-86BB-946B70BCF405}.Release|Any CPU.ActiveCfg = Release|Any CPU
		{6D76F4BA-60CB-4B28-86BB-946B70BCF405}.Release|Any CPU.Build.0 = Release|Any CPU
		{6D76F4BA-60CB-4B28-86BB-946B70BCF405}.Release|x64.ActiveCfg = Release|Any CPU
		{6D76F4BA-60CB-4B28-86BB-946B70BCF405}.Release|x64.Build.0 = Release|Any CPU
		{6D76F4BA-60CB-4B28-86BB-946B70BCF405}.Release|x86.ActiveCfg = Release|Any CPU
		{6D76F4BA-60CB-4B28-86BB-946B70BCF405}.Release|x86.Build.0 = Release|Any CPU
		{2E9C14ED-6CB7-43AA-A05A-5C655347232D}.Debug|Any CPU.ActiveCfg = Debug|Any CPU
		{2E9C14ED-6CB7-43AA-A05A-5C655347232D}.Debug|Any CPU.Build.0 = Debug|Any CPU
		{2E9C14ED-6CB7-43AA-A05A-5C655347232D}.Debug|x64.ActiveCfg = Debug|Any CPU
		{2E9C14ED-6CB7-43AA-A05A-5C655347232D}.Debug|x64.Build.0 = Debug|Any CPU
		{2E9C14ED-6CB7-43AA-A05A-5C655347232D}.Debug|x86.ActiveCfg = Debug|Any CPU
		{2E9C14ED-6CB7-43AA-A05A-5C655347232D}.Debug|x86.Build.0 = Debug|Any CPU
		{2E9C14ED-6CB7-43AA-A05A-5C655347232D}.Release|Any CPU.ActiveCfg = Release|Any CPU
		{2E9C14ED-6CB7-43AA-A05A-5C655347232D}.Release|Any CPU.Build.0 = Release|Any CPU
		{2E9C14ED-6CB7-43AA-A05A-5C655347232D}.Release|x64.ActiveCfg = Release|Any CPU
		{2E9C14ED-6CB7-43AA-A05A-5C655347232D}.Release|x64.Build.0 = Release|Any CPU
		{2E9C14ED-6CB7-43AA-A05A-5C655347232D}.Release|x86.ActiveCfg = Release|Any CPU
		{2E9C14ED-6CB7-43AA-A05A-5C655347232D}.Release|x86.Build.0 = Release|Any CPU
		{FBAE55C6-7E46-4066-8219-E6D3EF010464}.Debug|Any CPU.ActiveCfg = Debug|Any CPU
		{FBAE55C6-7E46-4066-8219-E6D3EF010464}.Debug|Any CPU.Build.0 = Debug|Any CPU
		{FBAE55C6-7E46-4066-8219-E6D3EF010464}.Debug|x64.ActiveCfg = Debug|Any CPU
		{FBAE55C6-7E46-4066-8219-E6D3EF010464}.Debug|x64.Build.0 = Debug|Any CPU
		{FBAE55C6-7E46-4066-8219-E6D3EF010464}.Debug|x86.ActiveCfg = Debug|Any CPU
		{FBAE55C6-7E46-4066-8219-E6D3EF010464}.Debug|x86.Build.0 = Debug|Any CPU
		{FBAE55C6-7E46-4066-8219-E6D3EF010464}.Release|Any CPU.ActiveCfg = Release|Any CPU
		{FBAE55C6-7E46-4066-8219-E6D3EF010464}.Release|Any CPU.Build.0 = Release|Any CPU
		{FBAE55C6-7E46-4066-8219-E6D3EF010464}.Release|x64.ActiveCfg = Release|Any CPU
		{FBAE55C6-7E46-4066-8219-E6D3EF010464}.Release|x64.Build.0 = Release|Any CPU
		{FBAE55C6-7E46-4066-8219-E6D3EF010464}.Release|x86.ActiveCfg = Release|Any CPU
		{FBAE55C6-7E46-4066-8219-E6D3EF010464}.Release|x86.Build.0 = Release|Any CPU
		{FB9A01CE-ED4E-4DF6-A362-109F30073F0A}.Debug|Any CPU.ActiveCfg = Debug|Any CPU
		{FB9A01CE-ED4E-4DF6-A362-109F30073F0A}.Debug|Any CPU.Build.0 = Debug|Any CPU
		{FB9A01CE-ED4E-4DF6-A362-109F30073F0A}.Debug|x64.ActiveCfg = Debug|Any CPU
		{FB9A01CE-ED4E-4DF6-A362-109F30073F0A}.Debug|x64.Build.0 = Debug|Any CPU
		{FB9A01CE-ED4E-4DF6-A362-109F30073F0A}.Debug|x86.ActiveCfg = Debug|Any CPU
		{FB9A01CE-ED4E-4DF6-A362-109F30073F0A}.Debug|x86.Build.0 = Debug|Any CPU
		{FB9A01CE-ED4E-4DF6-A362-109F30073F0A}.Release|Any CPU.ActiveCfg = Release|Any CPU
		{FB9A01CE-ED4E-4DF6-A362-109F30073F0A}.Release|Any CPU.Build.0 = Release|Any CPU
		{FB9A01CE-ED4E-4DF6-A362-109F30073F0A}.Release|x64.ActiveCfg = Release|Any CPU
		{FB9A01CE-ED4E-4DF6-A362-109F30073F0A}.Release|x64.Build.0 = Release|Any CPU
		{FB9A01CE-ED4E-4DF6-A362-109F30073F0A}.Release|x86.ActiveCfg = Release|Any CPU
		{FB9A01CE-ED4E-4DF6-A362-109F30073F0A}.Release|x86.Build.0 = Release|Any CPU
		{87B6C14F-A0AC-482C-8FD7-94ACBB672479}.Debug|Any CPU.ActiveCfg = Debug|Any CPU
		{87B6C14F-A0AC-482C-8FD7-94ACBB672479}.Debug|Any CPU.Build.0 = Debug|Any CPU
		{87B6C14F-A0AC-482C-8FD7-94ACBB672479}.Debug|x64.ActiveCfg = Debug|Any CPU
		{87B6C14F-A0AC-482C-8FD7-94ACBB672479}.Debug|x64.Build.0 = Debug|Any CPU
		{87B6C14F-A0AC-482C-8FD7-94ACBB672479}.Debug|x86.ActiveCfg = Debug|Any CPU
		{87B6C14F-A0AC-482C-8FD7-94ACBB672479}.Debug|x86.Build.0 = Debug|Any CPU
		{87B6C14F-A0AC-482C-8FD7-94ACBB672479}.Release|Any CPU.ActiveCfg = Release|Any CPU
		{87B6C14F-A0AC-482C-8FD7-94ACBB672479}.Release|Any CPU.Build.0 = Release|Any CPU
		{87B6C14F-A0AC-482C-8FD7-94ACBB672479}.Release|x64.ActiveCfg = Release|Any CPU
		{87B6C14F-A0AC-482C-8FD7-94ACBB672479}.Release|x64.Build.0 = Release|Any CPU
		{87B6C14F-A0AC-482C-8FD7-94ACBB672479}.Release|x86.ActiveCfg = Release|Any CPU
		{87B6C14F-A0AC-482C-8FD7-94ACBB672479}.Release|x86.Build.0 = Release|Any CPU
		{FD75ACA1-894C-4D98-862A-8FDBEAD4F6EA}.Debug|Any CPU.ActiveCfg = Debug|Any CPU
		{FD75ACA1-894C-4D98-862A-8FDBEAD4F6EA}.Debug|Any CPU.Build.0 = Debug|Any CPU
		{FD75ACA1-894C-4D98-862A-8FDBEAD4F6EA}.Debug|x64.ActiveCfg = Debug|Any CPU
		{FD75ACA1-894C-4D98-862A-8FDBEAD4F6EA}.Debug|x64.Build.0 = Debug|Any CPU
		{FD75ACA1-894C-4D98-862A-8FDBEAD4F6EA}.Debug|x86.ActiveCfg = Debug|Any CPU
		{FD75ACA1-894C-4D98-862A-8FDBEAD4F6EA}.Debug|x86.Build.0 = Debug|Any CPU
		{FD75ACA1-894C-4D98-862A-8FDBEAD4F6EA}.Release|Any CPU.ActiveCfg = Release|Any CPU
		{FD75ACA1-894C-4D98-862A-8FDBEAD4F6EA}.Release|Any CPU.Build.0 = Release|Any CPU
		{FD75ACA1-894C-4D98-862A-8FDBEAD4F6EA}.Release|x64.ActiveCfg = Release|Any CPU
		{FD75ACA1-894C-4D98-862A-8FDBEAD4F6EA}.Release|x64.Build.0 = Release|Any CPU
		{FD75ACA1-894C-4D98-862A-8FDBEAD4F6EA}.Release|x86.ActiveCfg = Release|Any CPU
		{FD75ACA1-894C-4D98-862A-8FDBEAD4F6EA}.Release|x86.Build.0 = Release|Any CPU
		{9BD51762-FE1E-4B5C-A4E7-1DA023BDC942}.Debug|Any CPU.ActiveCfg = Debug|Any CPU
		{9BD51762-FE1E-4B5C-A4E7-1DA023BDC942}.Debug|Any CPU.Build.0 = Debug|Any CPU
		{9BD51762-FE1E-4B5C-A4E7-1DA023BDC942}.Debug|x64.ActiveCfg = Debug|Any CPU
		{9BD51762-FE1E-4B5C-A4E7-1DA023BDC942}.Debug|x64.Build.0 = Debug|Any CPU
		{9BD51762-FE1E-4B5C-A4E7-1DA023BDC942}.Debug|x86.ActiveCfg = Debug|Any CPU
		{9BD51762-FE1E-4B5C-A4E7-1DA023BDC942}.Debug|x86.Build.0 = Debug|Any CPU
		{9BD51762-FE1E-4B5C-A4E7-1DA023BDC942}.Release|Any CPU.ActiveCfg = Release|Any CPU
		{9BD51762-FE1E-4B5C-A4E7-1DA023BDC942}.Release|Any CPU.Build.0 = Release|Any CPU
		{9BD51762-FE1E-4B5C-A4E7-1DA023BDC942}.Release|x64.ActiveCfg = Release|Any CPU
		{9BD51762-FE1E-4B5C-A4E7-1DA023BDC942}.Release|x64.Build.0 = Release|Any CPU
		{9BD51762-FE1E-4B5C-A4E7-1DA023BDC942}.Release|x86.ActiveCfg = Release|Any CPU
		{9BD51762-FE1E-4B5C-A4E7-1DA023BDC942}.Release|x86.Build.0 = Release|Any CPU
		{567C9BE5-964F-41E1-8215-B231D31214F7}.Debug|Any CPU.ActiveCfg = Debug|Any CPU
		{567C9BE5-964F-41E1-8215-B231D31214F7}.Debug|Any CPU.Build.0 = Debug|Any CPU
		{567C9BE5-964F-41E1-8215-B231D31214F7}.Debug|x64.ActiveCfg = Debug|Any CPU
		{567C9BE5-964F-41E1-8215-B231D31214F7}.Debug|x64.Build.0 = Debug|Any CPU
		{567C9BE5-964F-41E1-8215-B231D31214F7}.Debug|x86.ActiveCfg = Debug|Any CPU
		{567C9BE5-964F-41E1-8215-B231D31214F7}.Debug|x86.Build.0 = Debug|Any CPU
		{567C9BE5-964F-41E1-8215-B231D31214F7}.Release|Any CPU.ActiveCfg = Release|Any CPU
		{567C9BE5-964F-41E1-8215-B231D31214F7}.Release|Any CPU.Build.0 = Release|Any CPU
		{567C9BE5-964F-41E1-8215-B231D31214F7}.Release|x64.ActiveCfg = Release|Any CPU
		{567C9BE5-964F-41E1-8215-B231D31214F7}.Release|x64.Build.0 = Release|Any CPU
		{567C9BE5-964F-41E1-8215-B231D31214F7}.Release|x86.ActiveCfg = Release|Any CPU
		{567C9BE5-964F-41E1-8215-B231D31214F7}.Release|x86.Build.0 = Release|Any CPU
		{FC9E40C3-E1E3-4FE1-9020-543877A18B19}.Debug|Any CPU.ActiveCfg = Debug|Any CPU
		{FC9E40C3-E1E3-4FE1-9020-543877A18B19}.Debug|Any CPU.Build.0 = Debug|Any CPU
		{FC9E40C3-E1E3-4FE1-9020-543877A18B19}.Debug|x64.ActiveCfg = Debug|Any CPU
		{FC9E40C3-E1E3-4FE1-9020-543877A18B19}.Debug|x64.Build.0 = Debug|Any CPU
		{FC9E40C3-E1E3-4FE1-9020-543877A18B19}.Debug|x86.ActiveCfg = Debug|Any CPU
		{FC9E40C3-E1E3-4FE1-9020-543877A18B19}.Debug|x86.Build.0 = Debug|Any CPU
		{FC9E40C3-E1E3-4FE1-9020-543877A18B19}.Release|Any CPU.ActiveCfg = Release|Any CPU
		{FC9E40C3-E1E3-4FE1-9020-543877A18B19}.Release|Any CPU.Build.0 = Release|Any CPU
		{FC9E40C3-E1E3-4FE1-9020-543877A18B19}.Release|x64.ActiveCfg = Release|Any CPU
		{FC9E40C3-E1E3-4FE1-9020-543877A18B19}.Release|x64.Build.0 = Release|Any CPU
		{FC9E40C3-E1E3-4FE1-9020-543877A18B19}.Release|x86.ActiveCfg = Release|Any CPU
		{FC9E40C3-E1E3-4FE1-9020-543877A18B19}.Release|x86.Build.0 = Release|Any CPU
		{E3D8FAB0-EB26-48B5-A055-1DAED288EA9F}.Debug|Any CPU.ActiveCfg = Debug|Any CPU
		{E3D8FAB0-EB26-48B5-A055-1DAED288EA9F}.Debug|Any CPU.Build.0 = Debug|Any CPU
		{E3D8FAB0-EB26-48B5-A055-1DAED288EA9F}.Debug|x64.ActiveCfg = Debug|Any CPU
		{E3D8FAB0-EB26-48B5-A055-1DAED288EA9F}.Debug|x64.Build.0 = Debug|Any CPU
		{E3D8FAB0-EB26-48B5-A055-1DAED288EA9F}.Debug|x86.ActiveCfg = Debug|Any CPU
		{E3D8FAB0-EB26-48B5-A055-1DAED288EA9F}.Debug|x86.Build.0 = Debug|Any CPU
		{E3D8FAB0-EB26-48B5-A055-1DAED288EA9F}.Release|Any CPU.ActiveCfg = Release|Any CPU
		{E3D8FAB0-EB26-48B5-A055-1DAED288EA9F}.Release|Any CPU.Build.0 = Release|Any CPU
		{E3D8FAB0-EB26-48B5-A055-1DAED288EA9F}.Release|x64.ActiveCfg = Release|Any CPU
		{E3D8FAB0-EB26-48B5-A055-1DAED288EA9F}.Release|x64.Build.0 = Release|Any CPU
		{E3D8FAB0-EB26-48B5-A055-1DAED288EA9F}.Release|x86.ActiveCfg = Release|Any CPU
		{E3D8FAB0-EB26-48B5-A055-1DAED288EA9F}.Release|x86.Build.0 = Release|Any CPU
		{7A31FBB7-6FC6-4831-AAAE-29A08E66CDDF}.Debug|Any CPU.ActiveCfg = Debug|Any CPU
		{7A31FBB7-6FC6-4831-AAAE-29A08E66CDDF}.Debug|Any CPU.Build.0 = Debug|Any CPU
		{7A31FBB7-6FC6-4831-AAAE-29A08E66CDDF}.Debug|x64.ActiveCfg = Debug|Any CPU
		{7A31FBB7-6FC6-4831-AAAE-29A08E66CDDF}.Debug|x64.Build.0 = Debug|Any CPU
		{7A31FBB7-6FC6-4831-AAAE-29A08E66CDDF}.Debug|x86.ActiveCfg = Debug|Any CPU
		{7A31FBB7-6FC6-4831-AAAE-29A08E66CDDF}.Debug|x86.Build.0 = Debug|Any CPU
		{7A31FBB7-6FC6-4831-AAAE-29A08E66CDDF}.Release|Any CPU.ActiveCfg = Release|Any CPU
		{7A31FBB7-6FC6-4831-AAAE-29A08E66CDDF}.Release|Any CPU.Build.0 = Release|Any CPU
		{7A31FBB7-6FC6-4831-AAAE-29A08E66CDDF}.Release|x64.ActiveCfg = Release|Any CPU
		{7A31FBB7-6FC6-4831-AAAE-29A08E66CDDF}.Release|x64.Build.0 = Release|Any CPU
		{7A31FBB7-6FC6-4831-AAAE-29A08E66CDDF}.Release|x86.ActiveCfg = Release|Any CPU
		{7A31FBB7-6FC6-4831-AAAE-29A08E66CDDF}.Release|x86.Build.0 = Release|Any CPU
		{F84F9CB4-9E83-46E2-900F-14BB8BC50250}.Debug|Any CPU.ActiveCfg = Debug|Any CPU
		{F84F9CB4-9E83-46E2-900F-14BB8BC50250}.Debug|Any CPU.Build.0 = Debug|Any CPU
		{F84F9CB4-9E83-46E2-900F-14BB8BC50250}.Debug|x64.ActiveCfg = Debug|Any CPU
		{F84F9CB4-9E83-46E2-900F-14BB8BC50250}.Debug|x64.Build.0 = Debug|Any CPU
		{F84F9CB4-9E83-46E2-900F-14BB8BC50250}.Debug|x86.ActiveCfg = Debug|Any CPU
		{F84F9CB4-9E83-46E2-900F-14BB8BC50250}.Debug|x86.Build.0 = Debug|Any CPU
		{F84F9CB4-9E83-46E2-900F-14BB8BC50250}.Release|Any CPU.ActiveCfg = Release|Any CPU
		{F84F9CB4-9E83-46E2-900F-14BB8BC50250}.Release|Any CPU.Build.0 = Release|Any CPU
		{F84F9CB4-9E83-46E2-900F-14BB8BC50250}.Release|x64.ActiveCfg = Release|Any CPU
		{F84F9CB4-9E83-46E2-900F-14BB8BC50250}.Release|x64.Build.0 = Release|Any CPU
		{F84F9CB4-9E83-46E2-900F-14BB8BC50250}.Release|x86.ActiveCfg = Release|Any CPU
		{F84F9CB4-9E83-46E2-900F-14BB8BC50250}.Release|x86.Build.0 = Release|Any CPU
		{2CB963EB-D439-4073-9A77-23CB4EC5A02E}.Debug|Any CPU.ActiveCfg = Debug|Any CPU
		{2CB963EB-D439-4073-9A77-23CB4EC5A02E}.Debug|Any CPU.Build.0 = Debug|Any CPU
		{2CB963EB-D439-4073-9A77-23CB4EC5A02E}.Debug|x64.ActiveCfg = Debug|Any CPU
		{2CB963EB-D439-4073-9A77-23CB4EC5A02E}.Debug|x64.Build.0 = Debug|Any CPU
		{2CB963EB-D439-4073-9A77-23CB4EC5A02E}.Debug|x86.ActiveCfg = Debug|Any CPU
		{2CB963EB-D439-4073-9A77-23CB4EC5A02E}.Debug|x86.Build.0 = Debug|Any CPU
		{2CB963EB-D439-4073-9A77-23CB4EC5A02E}.Release|Any CPU.ActiveCfg = Release|Any CPU
		{2CB963EB-D439-4073-9A77-23CB4EC5A02E}.Release|Any CPU.Build.0 = Release|Any CPU
		{2CB963EB-D439-4073-9A77-23CB4EC5A02E}.Release|x64.ActiveCfg = Release|Any CPU
		{2CB963EB-D439-4073-9A77-23CB4EC5A02E}.Release|x64.Build.0 = Release|Any CPU
		{2CB963EB-D439-4073-9A77-23CB4EC5A02E}.Release|x86.ActiveCfg = Release|Any CPU
		{2CB963EB-D439-4073-9A77-23CB4EC5A02E}.Release|x86.Build.0 = Release|Any CPU
		{5D6FDF31-A228-413A-9300-39769675D52C}.Debug|Any CPU.ActiveCfg = Debug|Any CPU
		{5D6FDF31-A228-413A-9300-39769675D52C}.Debug|Any CPU.Build.0 = Debug|Any CPU
		{5D6FDF31-A228-413A-9300-39769675D52C}.Debug|x64.ActiveCfg = Debug|Any CPU
		{5D6FDF31-A228-413A-9300-39769675D52C}.Debug|x64.Build.0 = Debug|Any CPU
		{5D6FDF31-A228-413A-9300-39769675D52C}.Debug|x86.ActiveCfg = Debug|Any CPU
		{5D6FDF31-A228-413A-9300-39769675D52C}.Debug|x86.Build.0 = Debug|Any CPU
		{5D6FDF31-A228-413A-9300-39769675D52C}.Release|Any CPU.ActiveCfg = Release|Any CPU
		{5D6FDF31-A228-413A-9300-39769675D52C}.Release|Any CPU.Build.0 = Release|Any CPU
		{5D6FDF31-A228-413A-9300-39769675D52C}.Release|x64.ActiveCfg = Release|Any CPU
		{5D6FDF31-A228-413A-9300-39769675D52C}.Release|x64.Build.0 = Release|Any CPU
		{5D6FDF31-A228-413A-9300-39769675D52C}.Release|x86.ActiveCfg = Release|Any CPU
		{5D6FDF31-A228-413A-9300-39769675D52C}.Release|x86.Build.0 = Release|Any CPU
		{20DFC4DB-1F2C-43CB-9328-044FC672170E}.Debug|Any CPU.ActiveCfg = Debug|Any CPU
		{20DFC4DB-1F2C-43CB-9328-044FC672170E}.Debug|Any CPU.Build.0 = Debug|Any CPU
		{20DFC4DB-1F2C-43CB-9328-044FC672170E}.Debug|x64.ActiveCfg = Debug|Any CPU
		{20DFC4DB-1F2C-43CB-9328-044FC672170E}.Debug|x64.Build.0 = Debug|Any CPU
		{20DFC4DB-1F2C-43CB-9328-044FC672170E}.Debug|x86.ActiveCfg = Debug|Any CPU
		{20DFC4DB-1F2C-43CB-9328-044FC672170E}.Debug|x86.Build.0 = Debug|Any CPU
		{20DFC4DB-1F2C-43CB-9328-044FC672170E}.Release|Any CPU.ActiveCfg = Release|Any CPU
		{20DFC4DB-1F2C-43CB-9328-044FC672170E}.Release|Any CPU.Build.0 = Release|Any CPU
		{20DFC4DB-1F2C-43CB-9328-044FC672170E}.Release|x64.ActiveCfg = Release|Any CPU
		{20DFC4DB-1F2C-43CB-9328-044FC672170E}.Release|x64.Build.0 = Release|Any CPU
		{20DFC4DB-1F2C-43CB-9328-044FC672170E}.Release|x86.ActiveCfg = Release|Any CPU
		{20DFC4DB-1F2C-43CB-9328-044FC672170E}.Release|x86.Build.0 = Release|Any CPU
		{5DC38923-02EC-4827-A23F-02582AA5869D}.Debug|Any CPU.ActiveCfg = Debug|Any CPU
		{5DC38923-02EC-4827-A23F-02582AA5869D}.Debug|Any CPU.Build.0 = Debug|Any CPU
		{5DC38923-02EC-4827-A23F-02582AA5869D}.Debug|x64.ActiveCfg = Debug|Any CPU
		{5DC38923-02EC-4827-A23F-02582AA5869D}.Debug|x64.Build.0 = Debug|Any CPU
		{5DC38923-02EC-4827-A23F-02582AA5869D}.Debug|x86.ActiveCfg = Debug|Any CPU
		{5DC38923-02EC-4827-A23F-02582AA5869D}.Debug|x86.Build.0 = Debug|Any CPU
		{5DC38923-02EC-4827-A23F-02582AA5869D}.Release|Any CPU.ActiveCfg = Release|Any CPU
		{5DC38923-02EC-4827-A23F-02582AA5869D}.Release|Any CPU.Build.0 = Release|Any CPU
		{5DC38923-02EC-4827-A23F-02582AA5869D}.Release|x64.ActiveCfg = Release|Any CPU
		{5DC38923-02EC-4827-A23F-02582AA5869D}.Release|x64.Build.0 = Release|Any CPU
		{5DC38923-02EC-4827-A23F-02582AA5869D}.Release|x86.ActiveCfg = Release|Any CPU
		{5DC38923-02EC-4827-A23F-02582AA5869D}.Release|x86.Build.0 = Release|Any CPU
		{E674B0BE-0839-4B7A-B9ED-44F37E6F466E}.Debug|Any CPU.ActiveCfg = Debug|Any CPU
		{E674B0BE-0839-4B7A-B9ED-44F37E6F466E}.Debug|Any CPU.Build.0 = Debug|Any CPU
		{E674B0BE-0839-4B7A-B9ED-44F37E6F466E}.Debug|x64.ActiveCfg = Debug|Any CPU
		{E674B0BE-0839-4B7A-B9ED-44F37E6F466E}.Debug|x64.Build.0 = Debug|Any CPU
		{E674B0BE-0839-4B7A-B9ED-44F37E6F466E}.Debug|x86.ActiveCfg = Debug|Any CPU
		{E674B0BE-0839-4B7A-B9ED-44F37E6F466E}.Debug|x86.Build.0 = Debug|Any CPU
		{E674B0BE-0839-4B7A-B9ED-44F37E6F466E}.Release|Any CPU.ActiveCfg = Release|Any CPU
		{E674B0BE-0839-4B7A-B9ED-44F37E6F466E}.Release|Any CPU.Build.0 = Release|Any CPU
		{E674B0BE-0839-4B7A-B9ED-44F37E6F466E}.Release|x64.ActiveCfg = Release|Any CPU
		{E674B0BE-0839-4B7A-B9ED-44F37E6F466E}.Release|x64.Build.0 = Release|Any CPU
		{E674B0BE-0839-4B7A-B9ED-44F37E6F466E}.Release|x86.ActiveCfg = Release|Any CPU
		{E674B0BE-0839-4B7A-B9ED-44F37E6F466E}.Release|x86.Build.0 = Release|Any CPU
		{C8D20D72-AB1D-454A-97C6-BE102DF4A932}.Debug|Any CPU.ActiveCfg = Debug|Any CPU
		{C8D20D72-AB1D-454A-97C6-BE102DF4A932}.Debug|Any CPU.Build.0 = Debug|Any CPU
		{C8D20D72-AB1D-454A-97C6-BE102DF4A932}.Debug|x64.ActiveCfg = Debug|Any CPU
		{C8D20D72-AB1D-454A-97C6-BE102DF4A932}.Debug|x64.Build.0 = Debug|Any CPU
		{C8D20D72-AB1D-454A-97C6-BE102DF4A932}.Debug|x86.ActiveCfg = Debug|Any CPU
		{C8D20D72-AB1D-454A-97C6-BE102DF4A932}.Debug|x86.Build.0 = Debug|Any CPU
		{C8D20D72-AB1D-454A-97C6-BE102DF4A932}.Release|Any CPU.ActiveCfg = Release|Any CPU
		{C8D20D72-AB1D-454A-97C6-BE102DF4A932}.Release|Any CPU.Build.0 = Release|Any CPU
		{C8D20D72-AB1D-454A-97C6-BE102DF4A932}.Release|x64.ActiveCfg = Release|Any CPU
		{C8D20D72-AB1D-454A-97C6-BE102DF4A932}.Release|x64.Build.0 = Release|Any CPU
		{C8D20D72-AB1D-454A-97C6-BE102DF4A932}.Release|x86.ActiveCfg = Release|Any CPU
		{C8D20D72-AB1D-454A-97C6-BE102DF4A932}.Release|x86.Build.0 = Release|Any CPU
		{8817BF60-21BD-4686-B66A-43CEB99FD674}.Debug|Any CPU.ActiveCfg = Debug|Any CPU
		{8817BF60-21BD-4686-B66A-43CEB99FD674}.Debug|Any CPU.Build.0 = Debug|Any CPU
		{8817BF60-21BD-4686-B66A-43CEB99FD674}.Debug|x64.ActiveCfg = Debug|Any CPU
		{8817BF60-21BD-4686-B66A-43CEB99FD674}.Debug|x64.Build.0 = Debug|Any CPU
		{8817BF60-21BD-4686-B66A-43CEB99FD674}.Debug|x86.ActiveCfg = Debug|Any CPU
		{8817BF60-21BD-4686-B66A-43CEB99FD674}.Debug|x86.Build.0 = Debug|Any CPU
		{8817BF60-21BD-4686-B66A-43CEB99FD674}.Release|Any CPU.ActiveCfg = Release|Any CPU
		{8817BF60-21BD-4686-B66A-43CEB99FD674}.Release|Any CPU.Build.0 = Release|Any CPU
		{8817BF60-21BD-4686-B66A-43CEB99FD674}.Release|x64.ActiveCfg = Release|Any CPU
		{8817BF60-21BD-4686-B66A-43CEB99FD674}.Release|x64.Build.0 = Release|Any CPU
		{8817BF60-21BD-4686-B66A-43CEB99FD674}.Release|x86.ActiveCfg = Release|Any CPU
		{8817BF60-21BD-4686-B66A-43CEB99FD674}.Release|x86.Build.0 = Release|Any CPU
		{6287AE3B-66B1-4C4E-87B3-12486CB37C1B}.Debug|Any CPU.ActiveCfg = Debug|Any CPU
		{6287AE3B-66B1-4C4E-87B3-12486CB37C1B}.Debug|Any CPU.Build.0 = Debug|Any CPU
		{6287AE3B-66B1-4C4E-87B3-12486CB37C1B}.Debug|x64.ActiveCfg = Debug|Any CPU
		{6287AE3B-66B1-4C4E-87B3-12486CB37C1B}.Debug|x64.Build.0 = Debug|Any CPU
		{6287AE3B-66B1-4C4E-87B3-12486CB37C1B}.Debug|x86.ActiveCfg = Debug|Any CPU
		{6287AE3B-66B1-4C4E-87B3-12486CB37C1B}.Debug|x86.Build.0 = Debug|Any CPU
		{6287AE3B-66B1-4C4E-87B3-12486CB37C1B}.Release|Any CPU.ActiveCfg = Release|Any CPU
		{6287AE3B-66B1-4C4E-87B3-12486CB37C1B}.Release|Any CPU.Build.0 = Release|Any CPU
		{6287AE3B-66B1-4C4E-87B3-12486CB37C1B}.Release|x64.ActiveCfg = Release|Any CPU
		{6287AE3B-66B1-4C4E-87B3-12486CB37C1B}.Release|x64.Build.0 = Release|Any CPU
		{6287AE3B-66B1-4C4E-87B3-12486CB37C1B}.Release|x86.ActiveCfg = Release|Any CPU
		{6287AE3B-66B1-4C4E-87B3-12486CB37C1B}.Release|x86.Build.0 = Release|Any CPU
		{4C080E4B-E9B7-4A3F-9F2D-096BC0C24016}.Debug|Any CPU.ActiveCfg = Debug|Any CPU
		{4C080E4B-E9B7-4A3F-9F2D-096BC0C24016}.Debug|Any CPU.Build.0 = Debug|Any CPU
		{4C080E4B-E9B7-4A3F-9F2D-096BC0C24016}.Debug|x64.ActiveCfg = Debug|Any CPU
		{4C080E4B-E9B7-4A3F-9F2D-096BC0C24016}.Debug|x64.Build.0 = Debug|Any CPU
		{4C080E4B-E9B7-4A3F-9F2D-096BC0C24016}.Debug|x86.ActiveCfg = Debug|Any CPU
		{4C080E4B-E9B7-4A3F-9F2D-096BC0C24016}.Debug|x86.Build.0 = Debug|Any CPU
		{4C080E4B-E9B7-4A3F-9F2D-096BC0C24016}.Release|Any CPU.ActiveCfg = Release|Any CPU
		{4C080E4B-E9B7-4A3F-9F2D-096BC0C24016}.Release|Any CPU.Build.0 = Release|Any CPU
		{4C080E4B-E9B7-4A3F-9F2D-096BC0C24016}.Release|x64.ActiveCfg = Release|Any CPU
		{4C080E4B-E9B7-4A3F-9F2D-096BC0C24016}.Release|x64.Build.0 = Release|Any CPU
		{4C080E4B-E9B7-4A3F-9F2D-096BC0C24016}.Release|x86.ActiveCfg = Release|Any CPU
		{4C080E4B-E9B7-4A3F-9F2D-096BC0C24016}.Release|x86.Build.0 = Release|Any CPU
		{C882A516-06D7-4260-B409-0B16B920560E}.Debug|Any CPU.ActiveCfg = Debug|Any CPU
		{C882A516-06D7-4260-B409-0B16B920560E}.Debug|Any CPU.Build.0 = Debug|Any CPU
		{C882A516-06D7-4260-B409-0B16B920560E}.Debug|x64.ActiveCfg = Debug|Any CPU
		{C882A516-06D7-4260-B409-0B16B920560E}.Debug|x64.Build.0 = Debug|Any CPU
		{C882A516-06D7-4260-B409-0B16B920560E}.Debug|x86.ActiveCfg = Debug|Any CPU
		{C882A516-06D7-4260-B409-0B16B920560E}.Debug|x86.Build.0 = Debug|Any CPU
		{C882A516-06D7-4260-B409-0B16B920560E}.Release|Any CPU.ActiveCfg = Release|Any CPU
		{C882A516-06D7-4260-B409-0B16B920560E}.Release|Any CPU.Build.0 = Release|Any CPU
		{C882A516-06D7-4260-B409-0B16B920560E}.Release|x64.ActiveCfg = Release|Any CPU
		{C882A516-06D7-4260-B409-0B16B920560E}.Release|x64.Build.0 = Release|Any CPU
		{C882A516-06D7-4260-B409-0B16B920560E}.Release|x86.ActiveCfg = Release|Any CPU
		{C882A516-06D7-4260-B409-0B16B920560E}.Release|x86.Build.0 = Release|Any CPU
		{BB19F8B7-BF6C-4DEE-B303-3068ABF4C41E}.Debug|Any CPU.ActiveCfg = Debug|Any CPU
		{BB19F8B7-BF6C-4DEE-B303-3068ABF4C41E}.Debug|Any CPU.Build.0 = Debug|Any CPU
		{BB19F8B7-BF6C-4DEE-B303-3068ABF4C41E}.Debug|x64.ActiveCfg = Debug|Any CPU
		{BB19F8B7-BF6C-4DEE-B303-3068ABF4C41E}.Debug|x64.Build.0 = Debug|Any CPU
		{BB19F8B7-BF6C-4DEE-B303-3068ABF4C41E}.Debug|x86.ActiveCfg = Debug|Any CPU
		{BB19F8B7-BF6C-4DEE-B303-3068ABF4C41E}.Debug|x86.Build.0 = Debug|Any CPU
		{BB19F8B7-BF6C-4DEE-B303-3068ABF4C41E}.Release|Any CPU.ActiveCfg = Release|Any CPU
		{BB19F8B7-BF6C-4DEE-B303-3068ABF4C41E}.Release|Any CPU.Build.0 = Release|Any CPU
		{BB19F8B7-BF6C-4DEE-B303-3068ABF4C41E}.Release|x64.ActiveCfg = Release|Any CPU
		{BB19F8B7-BF6C-4DEE-B303-3068ABF4C41E}.Release|x64.Build.0 = Release|Any CPU
		{BB19F8B7-BF6C-4DEE-B303-3068ABF4C41E}.Release|x86.ActiveCfg = Release|Any CPU
		{BB19F8B7-BF6C-4DEE-B303-3068ABF4C41E}.Release|x86.Build.0 = Release|Any CPU
		{FF18FF18-4A98-4318-BD21-C42EBAB577FE}.Debug|Any CPU.ActiveCfg = Debug|Any CPU
		{FF18FF18-4A98-4318-BD21-C42EBAB577FE}.Debug|Any CPU.Build.0 = Debug|Any CPU
		{FF18FF18-4A98-4318-BD21-C42EBAB577FE}.Debug|x64.ActiveCfg = Debug|Any CPU
		{FF18FF18-4A98-4318-BD21-C42EBAB577FE}.Debug|x64.Build.0 = Debug|Any CPU
		{FF18FF18-4A98-4318-BD21-C42EBAB577FE}.Debug|x86.ActiveCfg = Debug|Any CPU
		{FF18FF18-4A98-4318-BD21-C42EBAB577FE}.Debug|x86.Build.0 = Debug|Any CPU
		{FF18FF18-4A98-4318-BD21-C42EBAB577FE}.Release|Any CPU.ActiveCfg = Release|Any CPU
		{FF18FF18-4A98-4318-BD21-C42EBAB577FE}.Release|Any CPU.Build.0 = Release|Any CPU
		{FF18FF18-4A98-4318-BD21-C42EBAB577FE}.Release|x64.ActiveCfg = Release|Any CPU
		{FF18FF18-4A98-4318-BD21-C42EBAB577FE}.Release|x64.Build.0 = Release|Any CPU
		{FF18FF18-4A98-4318-BD21-C42EBAB577FE}.Release|x86.ActiveCfg = Release|Any CPU
		{FF18FF18-4A98-4318-BD21-C42EBAB577FE}.Release|x86.Build.0 = Release|Any CPU
	EndGlobalSection
	GlobalSection(SolutionProperties) = preSolution
		HideSolutionNode = FALSE
	EndGlobalSection
	GlobalSection(NestedProjects) = preSolution
		{C4D312F6-323C-4725-A455-150134CFA0A6} = {0EC7507D-E469-4F1D-B957-2A8F5BBD093A}
		{94E7ACF2-5207-4E9C-BCF3-D6F9F3DFB031} = {0EC7507D-E469-4F1D-B957-2A8F5BBD093A}
		{F31EEE2C-5256-4C97-9B19-6C4934E2EB65} = {EA40BEEA-7A2B-4F87-9714-88766D8B3BCA}
		{D65B21F5-2661-4A55-AE2B-E6379F18CD1C} = {0EC7507D-E469-4F1D-B957-2A8F5BBD093A}
		{6D76F4BA-60CB-4B28-86BB-946B70BCF405} = {0EC7507D-E469-4F1D-B957-2A8F5BBD093A}
		{2E9C14ED-6CB7-43AA-A05A-5C655347232D} = {0EC7507D-E469-4F1D-B957-2A8F5BBD093A}
		{FBAE55C6-7E46-4066-8219-E6D3EF010464} = {0EC7507D-E469-4F1D-B957-2A8F5BBD093A}
		{FB9A01CE-ED4E-4DF6-A362-109F30073F0A} = {ADEF2C5A-EA74-44B4-A009-E1F0D961AA87}
		{87B6C14F-A0AC-482C-8FD7-94ACBB672479} = {ADEF2C5A-EA74-44B4-A009-E1F0D961AA87}
		{DD6DDFEF-F3CF-4455-9677-E98897D6041C} = {EA40BEEA-7A2B-4F87-9714-88766D8B3BCA}
		{0EC7507D-E469-4F1D-B957-2A8F5BBD093A} = {EA40BEEA-7A2B-4F87-9714-88766D8B3BCA}
		{ADEF2C5A-EA74-44B4-A009-E1F0D961AA87} = {DD6DDFEF-F3CF-4455-9677-E98897D6041C}
		{FD75ACA1-894C-4D98-862A-8FDBEAD4F6EA} = {ADEF2C5A-EA74-44B4-A009-E1F0D961AA87}
		{9BD51762-FE1E-4B5C-A4E7-1DA023BDC942} = {ADEF2C5A-EA74-44B4-A009-E1F0D961AA87}
		{44E262A3-AAAB-45CB-8F48-F9FBCAE2D66B} = {DD6DDFEF-F3CF-4455-9677-E98897D6041C}
		{567C9BE5-964F-41E1-8215-B231D31214F7} = {EA40BEEA-7A2B-4F87-9714-88766D8B3BCA}
		{6DEC70AC-47CC-4305-A01C-31699F55C396} = {DD6DDFEF-F3CF-4455-9677-E98897D6041C}
		{FC9E40C3-E1E3-4FE1-9020-543877A18B19} = {6DEC70AC-47CC-4305-A01C-31699F55C396}
		{E3D8FAB0-EB26-48B5-A055-1DAED288EA9F} = {6DEC70AC-47CC-4305-A01C-31699F55C396}
		{7A31FBB7-6FC6-4831-AAAE-29A08E66CDDF} = {6DEC70AC-47CC-4305-A01C-31699F55C396}
		{F84F9CB4-9E83-46E2-900F-14BB8BC50250} = {6DEC70AC-47CC-4305-A01C-31699F55C396}
		{F695A7E4-6EE0-40AA-AC14-8BAF0379582E} = {DD6DDFEF-F3CF-4455-9677-E98897D6041C}
		{2CB963EB-D439-4073-9A77-23CB4EC5A02E} = {F695A7E4-6EE0-40AA-AC14-8BAF0379582E}
		{5D6FDF31-A228-413A-9300-39769675D52C} = {F695A7E4-6EE0-40AA-AC14-8BAF0379582E}
		{20DFC4DB-1F2C-43CB-9328-044FC672170E} = {F695A7E4-6EE0-40AA-AC14-8BAF0379582E}
		{5DC38923-02EC-4827-A23F-02582AA5869D} = {F695A7E4-6EE0-40AA-AC14-8BAF0379582E}
		{B2E849F3-A947-4A0F-8CA1-507C785D838F} = {DD6DDFEF-F3CF-4455-9677-E98897D6041C}
		{E674B0BE-0839-4B7A-B9ED-44F37E6F466E} = {B2E849F3-A947-4A0F-8CA1-507C785D838F}
		{C8D20D72-AB1D-454A-97C6-BE102DF4A932} = {B2E849F3-A947-4A0F-8CA1-507C785D838F}
		{8817BF60-21BD-4686-B66A-43CEB99FD674} = {B2E849F3-A947-4A0F-8CA1-507C785D838F}
		{6287AE3B-66B1-4C4E-87B3-12486CB37C1B} = {B2E849F3-A947-4A0F-8CA1-507C785D838F}
		{4C080E4B-E9B7-4A3F-9F2D-096BC0C24016} = {44E262A3-AAAB-45CB-8F48-F9FBCAE2D66B}
		{C882A516-06D7-4260-B409-0B16B920560E} = {44E262A3-AAAB-45CB-8F48-F9FBCAE2D66B}
		{BB19F8B7-BF6C-4DEE-B303-3068ABF4C41E} = {44E262A3-AAAB-45CB-8F48-F9FBCAE2D66B}
		{FF18FF18-4A98-4318-BD21-C42EBAB577FE} = {44E262A3-AAAB-45CB-8F48-F9FBCAE2D66B}
	EndGlobalSection
	GlobalSection(ExtensibilityGlobals) = postSolution
		SolutionGuid = {BEC82AD5-463D-49C9-9CA6-567654BD4FEF}
	EndGlobalSection
EndGlobal
